
Microsoft Visual Studio Solution File, Format Version 12.00
# Visual Studio Version 16
VisualStudioVersion = 16.0.31424.327
MinimumVisualStudioVersion = 10.0.40219.1
Project("{FAE04EC0-301F-11D3-BF4B-00C04F79EFBC}") = "CrudOperation", "CrudOperation\CrudOperation.csproj", "{EC780250-4DA7-4C06-8F77-C6ED22A78324}"
EndProject
Global
	GlobalSection(SolutionConfigurationPlatforms) = preSolution
		Debug|Any CPU = Debug|Any CPU
		Release|Any CPU = Release|Any CPU
	EndGlobalSection
	GlobalSection(ProjectConfigurationPlatforms) = postSolution
		{EC780250-4DA7-4C06-8F77-C6ED22A78324}.Debug|Any CPU.ActiveCfg = Debug|Any CPU
		{EC780250-4DA7-4C06-8F77-C6ED22A78324}.Debug|Any CPU.Build.0 = Debug|Any CPU
		{EC780250-4DA7-4C06-8F77-C6ED22A78324}.Release|Any CPU.ActiveCfg = Release|Any CPU
		{EC780250-4DA7-4C06-8F77-C6ED22A78324}.Release|Any CPU.Build.0 = Release|Any CPU
	EndGlobalSection
	GlobalSection(SolutionProperties) = preSolution
		HideSolutionNode = FALSE
	EndGlobalSection
	GlobalSection(ExtensibilityGlobals) = postSolution
		SolutionGuid = {2E5D887C-1FC5-4F31-8A1F-9A916DBADB52}
	EndGlobalSection
EndGlobal
