
Microsoft Visual Studio Solution File, Format Version 12.00
# Visual Studio Version 16
VisualStudioVersion = 16.0.31424.327
MinimumVisualStudioVersion = 10.0.40219.1
Project("{FAE04EC0-301F-11D3-BF4B-00C04F79EFBC}") = "CalcLib", "CalcLib\CalcLib.csproj", "{C65CE794-D168-4C0C-A650-83F3797D533A}"
EndProject
Project("{FAE04EC0-301F-11D3-BF4B-00C04F79EFBC}") = "CalConsoleClient", "CalConsoleClient\CalConsoleClient.csproj", "{C73F8D01-8DA6-4D7C-AA2C-3D6C9D48123C}"
EndProject
Project("{FAE04EC0-301F-11D3-BF4B-00C04F79EFBC}") = "CalcLib.Tests", "CalcLib.Tests\CalcLib.Tests.csproj", "{C7DD7A49-31F1-4001-8AD1-9484765CD1DD}"
EndProject
Global
	GlobalSection(SolutionConfigurationPlatforms) = preSolution
		Debug|Any CPU = Debug|Any CPU
		Release|Any CPU = Release|Any CPU
	EndGlobalSection
	GlobalSection(ProjectConfigurationPlatforms) = postSolution
		{C65CE794-D168-4C0C-A650-83F3797D533A}.Debug|Any CPU.ActiveCfg = Debug|Any CPU
		{C65CE794-D168-4C0C-A650-83F3797D533A}.Debug|Any CPU.Build.0 = Debug|Any CPU
		{C65CE794-D168-4C0C-A650-83F3797D533A}.Release|Any CPU.ActiveCfg = Release|Any CPU
		{C65CE794-D168-4C0C-A650-83F3797D533A}.Release|Any CPU.Build.0 = Release|Any CPU
		{C73F8D01-8DA6-4D7C-AA2C-3D6C9D48123C}.Debug|Any CPU.ActiveCfg = Debug|Any CPU
		{C73F8D01-8DA6-4D7C-AA2C-3D6C9D48123C}.Debug|Any CPU.Build.0 = Debug|Any CPU
		{C73F8D01-8DA6-4D7C-AA2C-3D6C9D48123C}.Release|Any CPU.ActiveCfg = Release|Any CPU
		{C73F8D01-8DA6-4D7C-AA2C-3D6C9D48123C}.Release|Any CPU.Build.0 = Release|Any CPU
		{C7DD7A49-31F1-4001-8AD1-9484765CD1DD}.Debug|Any CPU.ActiveCfg = Debug|Any CPU
		{C7DD7A49-31F1-4001-8AD1-9484765CD1DD}.Debug|Any CPU.Build.0 = Debug|Any CPU
		{C7DD7A49-31F1-4001-8AD1-9484765CD1DD}.Release|Any CPU.ActiveCfg = Release|Any CPU
		{C7DD7A49-31F1-4001-8AD1-9484765CD1DD}.Release|Any CPU.Build.0 = Release|Any CPU
	EndGlobalSection
	GlobalSection(SolutionProperties) = preSolution
		HideSolutionNode = FALSE
	EndGlobalSection
	GlobalSection(ExtensibilityGlobals) = postSolution
		SolutionGuid = {D31A330B-028C-4A62-9653-5A7214F79B3C}
	EndGlobalSection
EndGlobal
