
Microsoft Visual Studio Solution File, Format Version 12.00
# Visual Studio Version 16
VisualStudioVersion = 16.0.31424.327
MinimumVisualStudioVersion = 10.0.40219.1
Project("{FAE04EC0-301F-11D3-BF4B-00C04F79EFBC}") = "FileSystemLinqApp", "FileSystemLinqApp\FileSystemLinqApp.csproj", "{100843B1-BBF5-4BD9-BB7A-187718B563E1}"
EndProject
Global
	GlobalSection(SolutionConfigurationPlatforms) = preSolution
		Debug|Any CPU = Debug|Any CPU
		Release|Any CPU = Release|Any CPU
	EndGlobalSection
	GlobalSection(ProjectConfigurationPlatforms) = postSolution
		{100843B1-BBF5-4BD9-BB7A-187718B563E1}.Debug|Any CPU.ActiveCfg = Debug|Any CPU
		{100843B1-BBF5-4BD9-BB7A-187718B563E1}.Debug|Any CPU.Build.0 = Debug|Any CPU
		{100843B1-BBF5-4BD9-BB7A-187718B563E1}.Release|Any CPU.ActiveCfg = Release|Any CPU
		{100843B1-BBF5-4BD9-BB7A-187718B563E1}.Release|Any CPU.Build.0 = Release|Any CPU
	EndGlobalSection
	GlobalSection(SolutionProperties) = preSolution
		HideSolutionNode = FALSE
	EndGlobalSection
	GlobalSection(ExtensibilityGlobals) = postSolution
		SolutionGuid = {6A0141D4-68B0-44CC-AE5F-DD3AC09C758A}
	EndGlobalSection
EndGlobal
