
Microsoft Visual Studio Solution File, Format Version 12.00
# Visual Studio Version 16
VisualStudioVersion = 16.0.31424.327
MinimumVisualStudioVersion = 10.0.40219.1
Project("{FAE04EC0-301F-11D3-BF4B-00C04F79EFBC}") = "EventHandlingApp", "EventHandlingApp\EventHandlingApp.csproj", "{06359D50-2C84-4F64-BF2C-041A6B9AC61C}"
EndProject
Global
	GlobalSection(SolutionConfigurationPlatforms) = preSolution
		Debug|Any CPU = Debug|Any CPU
		Release|Any CPU = Release|Any CPU
	EndGlobalSection
	GlobalSection(ProjectConfigurationPlatforms) = postSolution
		{06359D50-2C84-4F64-BF2C-041A6B9AC61C}.Debug|Any CPU.ActiveCfg = Debug|Any CPU
		{06359D50-2C84-4F64-BF2C-041A6B9AC61C}.Debug|Any CPU.Build.0 = Debug|Any CPU
		{06359D50-2C84-4F64-BF2C-041A6B9AC61C}.Release|Any CPU.ActiveCfg = Release|Any CPU
		{06359D50-2C84-4F64-BF2C-041A6B9AC61C}.Release|Any CPU.Build.0 = Release|Any CPU
	EndGlobalSection
	GlobalSection(SolutionProperties) = preSolution
		HideSolutionNode = FALSE
	EndGlobalSection
	GlobalSection(ExtensibilityGlobals) = postSolution
		SolutionGuid = {BE55B0CB-A94F-4B6F-A632-1BCB374F2716}
	EndGlobalSection
EndGlobal
