
Microsoft Visual Studio Solution File, Format Version 12.00
# Visual Studio Version 16
VisualStudioVersion = 16.0.31424.327
MinimumVisualStudioVersion = 10.0.40219.1
Project("{FAE04EC0-301F-11D3-BF4B-00C04F79EFBC}") = "EmployeeAppWithHtml", "EmployeeAppWithHtml\EmployeeAppWithHtml.csproj", "{A61CCD95-9821-40FA-83BD-B2F1794AE5DA}"
EndProject
Global
	GlobalSection(SolutionConfigurationPlatforms) = preSolution
		Debug|Any CPU = Debug|Any CPU
		Release|Any CPU = Release|Any CPU
	EndGlobalSection
	GlobalSection(ProjectConfigurationPlatforms) = postSolution
		{A61CCD95-9821-40FA-83BD-B2F1794AE5DA}.Debug|Any CPU.ActiveCfg = Debug|Any CPU
		{A61CCD95-9821-40FA-83BD-B2F1794AE5DA}.Debug|Any CPU.Build.0 = Debug|Any CPU
		{A61CCD95-9821-40FA-83BD-B2F1794AE5DA}.Release|Any CPU.ActiveCfg = Release|Any CPU
		{A61CCD95-9821-40FA-83BD-B2F1794AE5DA}.Release|Any CPU.Build.0 = Release|Any CPU
	EndGlobalSection
	GlobalSection(SolutionProperties) = preSolution
		HideSolutionNode = FALSE
	EndGlobalSection
	GlobalSection(ExtensibilityGlobals) = postSolution
		SolutionGuid = {2BFE881B-AD47-454A-915C-211DECDF5399}
	EndGlobalSection
EndGlobal
